
Microsoft Visual Studio Solution File, Format Version 12.00
# Visual Studio Version 16
VisualStudioVersion = 16.0.29609.76
MinimumVisualStudioVersion = 10.0.40219.1
Project("{FAE04EC0-301F-11D3-BF4B-00C04F79EFBC}") = "Api2", "Api2\Api2.csproj", "{2C97D84A-EA86-4793-9FE1-3F9E8C7BD8AF}"
EndProject
Global
	GlobalSection(SolutionConfigurationPlatforms) = preSolution
		Debug|Any CPU = Debug|Any CPU
		Release|Any CPU = Release|Any CPU
	EndGlobalSection
	GlobalSection(ProjectConfigurationPlatforms) = postSolution
		{2C97D84A-EA86-4793-9FE1-3F9E8C7BD8AF}.Debug|Any CPU.ActiveCfg = Debug|Any CPU
		{2C97D84A-EA86-4793-9FE1-3F9E8C7BD8AF}.Debug|Any CPU.Build.0 = Debug|Any CPU
		{2C97D84A-EA86-4793-9FE1-3F9E8C7BD8AF}.Release|Any CPU.ActiveCfg = Release|Any CPU
		{2C97D84A-EA86-4793-9FE1-3F9E8C7BD8AF}.Release|Any CPU.Build.0 = Release|Any CPU
	EndGlobalSection
	GlobalSection(SolutionProperties) = preSolution
		HideSolutionNode = FALSE
	EndGlobalSection
	GlobalSection(ExtensibilityGlobals) = postSolution
		SolutionGuid = {71537D93-0A71-4499-9503-53FAFA42781A}
	EndGlobalSection
EndGlobal
